// !$*UTF8*$!
{
	archiveVersion = 1;
	classes = {
	};
	objectVersion = 46;
	objects = {

/* Begin PBXBuildFile section */
		880160BF1A9D3DCB00A1F190 /* AppDelegate.swift in Sources */ = {isa = PBXBuildFile; fileRef = 880160BE1A9D3DCB00A1F190 /* AppDelegate.swift */; };
		880160C11A9D3DCB00A1F190 /* ViewController.swift in Sources */ = {isa = PBXBuildFile; fileRef = 880160C01A9D3DCB00A1F190 /* ViewController.swift */; };
		880160C41A9D3DCB00A1F190 /* Main.storyboard in Resources */ = {isa = PBXBuildFile; fileRef = 880160C21A9D3DCB00A1F190 /* Main.storyboard */; };
		880160C61A9D3DCB00A1F190 /* Images.xcassets in Resources */ = {isa = PBXBuildFile; fileRef = 880160C51A9D3DCB00A1F190 /* Images.xcassets */; };
		880160C91A9D3DCB00A1F190 /* LaunchScreen.xib in Resources */ = {isa = PBXBuildFile; fileRef = 880160C71A9D3DCB00A1F190 /* LaunchScreen.xib */; };
		880160D51A9D3DCB00A1F190 /* CLVisitDemoTests.swift in Sources */ = {isa = PBXBuildFile; fileRef = 880160D41A9D3DCB00A1F190 /* CLVisitDemoTests.swift */; };
		880160DF1A9D42E600A1F190 /* LocationDelegate.swift in Sources */ = {isa = PBXBuildFile; fileRef = 880160DE1A9D42E600A1F190 /* LocationDelegate.swift */; };
		880160E11A9D458C00A1F190 /* CoreLocation.framework in Frameworks */ = {isa = PBXBuildFile; fileRef = 880160E01A9D458C00A1F190 /* CoreLocation.framework */; };
/* End PBXBuildFile section */

/* Begin PBXContainerItemProxy section */
		880160CF1A9D3DCB00A1F190 /* PBXContainerItemProxy */ = {
			isa = PBXContainerItemProxy;
			containerPortal = 880160B11A9D3DCB00A1F190 /* Project object */;
			proxyType = 1;
			remoteGlobalIDString = 880160B81A9D3DCB00A1F190;
			remoteInfo = CLVisitDemo;
		};
/* End PBXContainerItemProxy section */

/* Begin PBXFileReference section */
		880160B91A9D3DCB00A1F190 /* CLVisitDemo.app */ = {isa = PBXFileReference; explicitFileType = wrapper.application; includeInIndex = 0; path = CLVisitDemo.app; sourceTree = BUILT_PRODUCTS_DIR; };
		880160BD1A9D3DCB00A1F190 /* Info.plist */ = {isa = PBXFileReference; lastKnownFileType = text.plist.xml; path = Info.plist; sourceTree = "<group>"; };
		880160BE1A9D3DCB00A1F190 /* AppDelegate.swift */ = {isa = PBXFileReference; lastKnownFileType = sourcecode.swift; path = AppDelegate.swift; sourceTree = "<group>"; };
		880160C01A9D3DCB00A1F190 /* ViewController.swift */ = {isa = PBXFileReference; lastKnownFileType = sourcecode.swift; path = ViewController.swift; sourceTree = "<group>"; };
		880160C31A9D3DCB00A1F190 /* Base */ = {isa = PBXFileReference; lastKnownFileType = file.storyboard; name = Base; path = Base.lproj/Main.storyboard; sourceTree = "<group>"; };
		880160C51A9D3DCB00A1F190 /* Images.xcassets */ = {isa = PBXFileReference; lastKnownFileType = folder.assetcatalog; path = Images.xcassets; sourceTree = "<group>"; };
		880160C81A9D3DCB00A1F190 /* Base */ = {isa = PBXFileReference; lastKnownFileType = file.xib; name = Base; path = Base.lproj/LaunchScreen.xib; sourceTree = "<group>"; };
		880160CE1A9D3DCB00A1F190 /* CLVisitDemoTests.xctest */ = {isa = PBXFileReference; explicitFileType = wrapper.cfbundle; includeInIndex = 0; path = CLVisitDemoTests.xctest; sourceTree = BUILT_PRODUCTS_DIR; };
		880160D31A9D3DCB00A1F190 /* Info.plist */ = {isa = PBXFileReference; lastKnownFileType = text.plist.xml; path = Info.plist; sourceTree = "<group>"; };
		880160D41A9D3DCB00A1F190 /* CLVisitDemoTests.swift */ = {isa = PBXFileReference; lastKnownFileType = sourcecode.swift; path = CLVisitDemoTests.swift; sourceTree = "<group>"; };
		880160DE1A9D42E600A1F190 /* LocationDelegate.swift */ = {isa = PBXFileReference; fileEncoding = 4; lastKnownFileType = sourcecode.swift; path = LocationDelegate.swift; sourceTree = "<group>"; };
		880160E01A9D458C00A1F190 /* CoreLocation.framework */ = {isa = PBXFileReference; lastKnownFileType = wrapper.framework; name = CoreLocation.framework; path = System/Library/Frameworks/CoreLocation.framework; sourceTree = SDKROOT; };
/* End PBXFileReference section */

/* Begin PBXFrameworksBuildPhase section */
		880160B61A9D3DCB00A1F190 /* Frameworks */ = {
			isa = PBXFrameworksBuildPhase;
			buildActionMask = 2147483647;
			files = (
				880160E11A9D458C00A1F190 /* CoreLocation.framework in Frameworks */,
			);
			runOnlyForDeploymentPostprocessing = 0;
		};
		880160CB1A9D3DCB00A1F190 /* Frameworks */ = {
			isa = PBXFrameworksBuildPhase;
			buildActionMask = 2147483647;
			files = (
			);
			runOnlyForDeploymentPostprocessing = 0;
		};
/* End PBXFrameworksBuildPhase section */

/* Begin PBXGroup section */
		880160B01A9D3DCB00A1F190 = {
			isa = PBXGroup;
			children = (
				880160E01A9D458C00A1F190 /* CoreLocation.framework */,
				880160BB1A9D3DCB00A1F190 /* CLVisitDemo */,
				880160D11A9D3DCB00A1F190 /* CLVisitDemoTests */,
				880160BA1A9D3DCB00A1F190 /* Products */,
			);
			sourceTree = "<group>";
		};
		880160BA1A9D3DCB00A1F190 /* Products */ = {
			isa = PBXGroup;
			children = (
				880160B91A9D3DCB00A1F190 /* CLVisitDemo.app */,
				880160CE1A9D3DCB00A1F190 /* CLVisitDemoTests.xctest */,
			);
			name = Products;
			sourceTree = "<group>";
		};
		880160BB1A9D3DCB00A1F190 /* CLVisitDemo */ = {
			isa = PBXGroup;
			children = (
				880160BE1A9D3DCB00A1F190 /* AppDelegate.swift */,
				880160DE1A9D42E600A1F190 /* LocationDelegate.swift */,
				880160C01A9D3DCB00A1F190 /* ViewController.swift */,
				880160C21A9D3DCB00A1F190 /* Main.storyboard */,
				880160C51A9D3DCB00A1F190 /* Images.xcassets */,
				880160C71A9D3DCB00A1F190 /* LaunchScreen.xib */,
				880160BC1A9D3DCB00A1F190 /* Supporting Files */,
			);
			path = CLVisitDemo;
			sourceTree = "<group>";
		};
		880160BC1A9D3DCB00A1F190 /* Supporting Files */ = {
			isa = PBXGroup;
			children = (
				880160BD1A9D3DCB00A1F190 /* Info.plist */,
			);
			name = "Supporting Files";
			sourceTree = "<group>";
		};
		880160D11A9D3DCB00A1F190 /* CLVisitDemoTests */ = {
			isa = PBXGroup;
			children = (
				880160D41A9D3DCB00A1F190 /* CLVisitDemoTests.swift */,
				880160D21A9D3DCB00A1F190 /* Supporting Files */,
			);
			path = CLVisitDemoTests;
			sourceTree = "<group>";
		};
		880160D21A9D3DCB00A1F190 /* Supporting Files */ = {
			isa = PBXGroup;
			children = (
				880160D31A9D3DCB00A1F190 /* Info.plist */,
			);
			name = "Supporting Files";
			sourceTree = "<group>";
		};
/* End PBXGroup section */

/* Begin PBXNativeTarget section */
		880160B81A9D3DCB00A1F190 /* CLVisitDemo */ = {
			isa = PBXNativeTarget;
			buildConfigurationList = 880160D81A9D3DCB00A1F190 /* Build configuration list for PBXNativeTarget "CLVisitDemo" */;
			buildPhases = (
				880160B51A9D3DCB00A1F190 /* Sources */,
				880160B61A9D3DCB00A1F190 /* Frameworks */,
				880160B71A9D3DCB00A1F190 /* Resources */,
			);
			buildRules = (
			);
			dependencies = (
			);
			name = CLVisitDemo;
			productName = CLVisitDemo;
			productReference = 880160B91A9D3DCB00A1F190 /* CLVisitDemo.app */;
			productType = "com.apple.product-type.application";
		};
		880160CD1A9D3DCB00A1F190 /* CLVisitDemoTests */ = {
			isa = PBXNativeTarget;
			buildConfigurationList = 880160DB1A9D3DCB00A1F190 /* Build configuration list for PBXNativeTarget "CLVisitDemoTests" */;
			buildPhases = (
				880160CA1A9D3DCB00A1F190 /* Sources */,
				880160CB1A9D3DCB00A1F190 /* Frameworks */,
				880160CC1A9D3DCB00A1F190 /* Resources */,
			);
			buildRules = (
			);
			dependencies = (
				880160D01A9D3DCB00A1F190 /* PBXTargetDependency */,
			);
			name = CLVisitDemoTests;
			productName = CLVisitDemoTests;
			productReference = 880160CE1A9D3DCB00A1F190 /* CLVisitDemoTests.xctest */;
			productType = "com.apple.product-type.bundle.unit-test";
		};
/* End PBXNativeTarget section */

/* Begin PBXProject section */
		880160B11A9D3DCB00A1F190 /* Project object */ = {
			isa = PBXProject;
			attributes = {
				LastUpgradeCheck = 0620;
				ORGANIZATIONNAME = "travis holt";
				TargetAttributes = {
					880160B81A9D3DCB00A1F190 = {
						CreatedOnToolsVersion = 6.2;
						DevelopmentTeam = XYS668Z5J6;
						SystemCapabilities = {
							com.apple.BackgroundModes = {
								enabled = 1;
							};
						};
					};
					880160CD1A9D3DCB00A1F190 = {
						CreatedOnToolsVersion = 6.2;
						TestTargetID = 880160B81A9D3DCB00A1F190;
					};
				};
			};
			buildConfigurationList = 880160B41A9D3DCB00A1F190 /* Build configuration list for PBXProject "CLVisitDemo" */;
			compatibilityVersion = "Xcode 3.2";
			developmentRegion = English;
			hasScannedForEncodings = 0;
			knownRegions = (
				en,
				Base,
			);
			mainGroup = 880160B01A9D3DCB00A1F190;
			productRefGroup = 880160BA1A9D3DCB00A1F190 /* Products */;
			projectDirPath = "";
			projectRoot = "";
			targets = (
				880160B81A9D3DCB00A1F190 /* CLVisitDemo */,
				880160CD1A9D3DCB00A1F190 /* CLVisitDemoTests */,
			);
		};
/* End PBXProject section */

/* Begin PBXResourcesBuildPhase section */
		880160B71A9D3DCB00A1F190 /* Resources */ = {
			isa = PBXResourcesBuildPhase;
			buildActionMask = 2147483647;
			files = (
				880160C41A9D3DCB00A1F190 /* Main.storyboard in Resources */,
				880160C91A9D3DCB00A1F190 /* LaunchScreen.xib in Resources */,
				880160C61A9D3DCB00A1F190 /* Images.xcassets in Resources */,
			);
			runOnlyForDeploymentPostprocessing = 0;
		};
		880160CC1A9D3DCB00A1F190 /* Resources */ = {
			isa = PBXResourcesBuildPhase;
			buildActionMask = 2147483647;
			files = (
			);
			runOnlyForDeploymentPostprocessing = 0;
		};
/* End PBXResourcesBuildPhase section */

/* Begin PBXSourcesBuildPhase section */
		880160B51A9D3DCB00A1F190 /* Sources */ = {
			isa = PBXSourcesBuildPhase;
			buildActionMask = 2147483647;
			files = (
				880160C11A9D3DCB00A1F190 /* ViewController.swift in Sources */,
				880160BF1A9D3DCB00A1F190 /* AppDelegate.swift in Sources */,
				880160DF1A9D42E600A1F190 /* LocationDelegate.swift in Sources */,
			);
			runOnlyForDeploymentPostprocessing = 0;
		};
		880160CA1A9D3DCB00A1F190 /* Sources */ = {
			isa = PBXSourcesBuildPhase;
			buildActionMask = 2147483647;
			files = (
				880160D51A9D3DCB00A1F190 /* CLVisitDemoTests.swift in Sources */,
			);
			runOnlyForDeploymentPostprocessing = 0;
		};
/* End PBXSourcesBuildPhase section */

/* Begin PBXTargetDependency section */
		880160D01A9D3DCB00A1F190 /* PBXTargetDependency */ = {
			isa = PBXTargetDependency;
			target = 880160B81A9D3DCB00A1F190 /* CLVisitDemo */;
			targetProxy = 880160CF1A9D3DCB00A1F190 /* PBXContainerItemProxy */;
		};
/* End PBXTargetDependency section */

/* Begin PBXVariantGroup section */
		880160C21A9D3DCB00A1F190 /* Main.storyboard */ = {
			isa = PBXVariantGroup;
			children = (
				880160C31A9D3DCB00A1F190 /* Base */,
			);
			name = Main.storyboard;
			sourceTree = "<group>";
		};
		880160C71A9D3DCB00A1F190 /* LaunchScreen.xib */ = {
			isa = PBXVariantGroup;
			children = (
				880160C81A9D3DCB00A1F190 /* Base */,
			);
			name = LaunchScreen.xib;
			sourceTree = "<group>";
		};
/* End PBXVariantGroup section */

/* Begin XCBuildConfiguration section */
		880160D61A9D3DCB00A1F190 /* Debug */ = {
			isa = XCBuildConfiguration;
			buildSettings = {
				ALWAYS_SEARCH_USER_PATHS = NO;
				CLANG_CXX_LANGUAGE_STANDARD = "gnu++0x";
				CLANG_CXX_LIBRARY = "libc++";
				CLANG_ENABLE_MODULES = YES;
				CLANG_ENABLE_OBJC_ARC = YES;
				CLANG_WARN_BOOL_CONVERSION = YES;
				CLANG_WARN_CONSTANT_CONVERSION = YES;
				CLANG_WARN_DIRECT_OBJC_ISA_USAGE = YES_ERROR;
				CLANG_WARN_EMPTY_BODY = YES;
				CLANG_WARN_ENUM_CONVERSION = YES;
				CLANG_WARN_INT_CONVERSION = YES;
				CLANG_WARN_OBJC_ROOT_CLASS = YES_ERROR;
				CLANG_WARN_UNREACHABLE_CODE = YES;
				CLANG_WARN__DUPLICATE_METHOD_MATCH = YES;
				CODE_SIGN_IDENTITY = "iPhone Distribution: Matchbook FTW, Inc. (Ent)";
				COPY_PHASE_STRIP = NO;
				ENABLE_STRICT_OBJC_MSGSEND = YES;
				GCC_C_LANGUAGE_STANDARD = gnu99;
				GCC_DYNAMIC_NO_PIC = NO;
				GCC_OPTIMIZATION_LEVEL = 0;
				GCC_PREPROCESSOR_DEFINITIONS = (
					"DEBUG=1",
					"$(inherited)",
				);
				GCC_SYMBOLS_PRIVATE_EXTERN = NO;
				GCC_WARN_64_TO_32_BIT_CONVERSION = YES;
				GCC_WARN_ABOUT_RETURN_TYPE = YES_ERROR;
				GCC_WARN_UNDECLARED_SELECTOR = YES;
				GCC_WARN_UNINITIALIZED_AUTOS = YES_AGGRESSIVE;
				GCC_WARN_UNUSED_FUNCTION = YES;
				GCC_WARN_UNUSED_VARIABLE = YES;
				IPHONEOS_DEPLOYMENT_TARGET = 8.1;
				MTL_ENABLE_DEBUG_INFO = YES;
				ONLY_ACTIVE_ARCH = YES;
				PROVISIONING_PROFILE = "bbdc5f59-4395-4e3f-ba3f-a46ab80862f3";
				SDKROOT = iphoneos;
				SWIFT_OPTIMIZATION_LEVEL = "-Onone";
			};
			name = Debug;
		};
		880160D71A9D3DCB00A1F190 /* Release */ = {
			isa = XCBuildConfiguration;
			buildSettings = {
				ALWAYS_SEARCH_USER_PATHS = NO;
				CLANG_CXX_LANGUAGE_STANDARD = "gnu++0x";
				CLANG_CXX_LIBRARY = "libc++";
				CLANG_ENABLE_MODULES = YES;
				CLANG_ENABLE_OBJC_ARC = YES;
				CLANG_WARN_BOOL_CONVERSION = YES;
				CLANG_WARN_CONSTANT_CONVERSION = YES;
				CLANG_WARN_DIRECT_OBJC_ISA_USAGE = YES_ERROR;
				CLANG_WARN_EMPTY_BODY = YES;
				CLANG_WARN_ENUM_CONVERSION = YES;
				CLANG_WARN_INT_CONVERSION = YES;
				CLANG_WARN_OBJC_ROOT_CLASS = YES_ERROR;
				CLANG_WARN_UNREACHABLE_CODE = YES;
				CLANG_WARN__DUPLICATE_METHOD_MATCH = YES;
				CODE_SIGN_IDENTITY = "iPhone Distribution: Matchbook FTW, Inc. (Ent)";
				COPY_PHASE_STRIP = NO;
				ENABLE_NS_ASSERTIONS = NO;
				ENABLE_STRICT_OBJC_MSGSEND = YES;
				GCC_C_LANGUAGE_STANDARD = gnu99;
				GCC_WARN_64_TO_32_BIT_CONVERSION = YES;
				GCC_WARN_ABOUT_RETURN_TYPE = YES_ERROR;
				GCC_WARN_UNDECLARED_SELECTOR = YES;
				GCC_WARN_UNINITIALIZED_AUTOS = YES_AGGRESSIVE;
				GCC_WARN_UNUSED_FUNCTION = YES;
				GCC_WARN_UNUSED_VARIABLE = YES;
				IPHONEOS_DEPLOYMENT_TARGET = 8.1;
				MTL_ENABLE_DEBUG_INFO = NO;
				PROVISIONING_PROFILE = "bbdc5f59-4395-4e3f-ba3f-a46ab80862f3";
				SDKROOT = iphoneos;
				VALIDATE_PRODUCT = YES;
			};
			name = Release;
		};
		880160D91A9D3DCB00A1F190 /* Debug */ = {
			isa = XCBuildConfiguration;
			buildSettings = {
				ASSETCATALOG_COMPILER_APPICON_NAME = AppIcon;
				CODE_SIGN_IDENTITY = "iPhone Developer";
				"CODE_SIGN_IDENTITY[sdk=iphoneos*]" = "iPhone Developer";
				INFOPLIST_FILE = CLVisitDemo/Info.plist;
				IPHONEOS_DEPLOYMENT_TARGET = 8.1;
				LD_RUNPATH_SEARCH_PATHS = "$(inherited) @executable_path/Frameworks";
				PRODUCT_NAME = "$(TARGET_NAME)";
				PROVISIONING_PROFILE = "";
			};
			name = Debug;
		};
		880160DA1A9D3DCB00A1F190 /* Release */ = {
			isa = XCBuildConfiguration;
			buildSettings = {
				ASSETCATALOG_COMPILER_APPICON_NAME = AppIcon;
				CODE_SIGN_IDENTITY = "iPhone Developer";
				"CODE_SIGN_IDENTITY[sdk=iphoneos*]" = "iPhone Developer";
				INFOPLIST_FILE = CLVisitDemo/Info.plist;
				IPHONEOS_DEPLOYMENT_TARGET = 8.1;
				LD_RUNPATH_SEARCH_PATHS = "$(inherited) @executable_path/Frameworks";
				PRODUCT_NAME = "$(TARGET_NAME)";
				PROVISIONING_PROFILE = "";
			};
			name = Release;
		};
		880160DC1A9D3DCB00A1F190 /* Debug */ = {
			isa = XCBuildConfiguration;
			buildSettings = {
				BUNDLE_LOADER = "$(TEST_HOST)";
				FRAMEWORK_SEARCH_PATHS = (
					"$(SDKROOT)/Developer/Library/Frameworks",
					"$(inherited)",
				);
				GCC_PREPROCESSOR_DEFINITIONS = (
					"DEBUG=1",
					"$(inherited)",
				);
				INFOPLIST_FILE = CLVisitDemoTests/Info.plist;
				LD_RUNPATH_SEARCH_PATHS = "$(inherited) @executable_path/Frameworks @loader_path/Frameworks";
				PRODUCT_NAME = "$(TARGET_NAME)";
				TEST_HOST = "$(BUILT_PRODUCTS_DIR)/CLVisitDemo.app/CLVisitDemo";
			};
			name = Debug;
		};
		880160DD1A9D3DCB00A1F190 /* Release */ = {
			isa = XCBuildConfiguration;
			buildSettings = {
				BUNDLE_LOADER = "$(TEST_HOST)";
				FRAMEWORK_SEARCH_PATHS = (
					"$(SDKROOT)/Developer/Library/Frameworks",
					"$(inherited)",
				);
				INFOPLIST_FILE = CLVisitDemoTests/Info.plist;
				LD_RUNPATH_SEARCH_PATHS = "$(inherited) @executable_path/Frameworks @loader_path/Frameworks";
				PRODUCT_NAME = "$(TARGET_NAME)";
				TEST_HOST = "$(BUILT_PRODUCTS_DIR)/CLVisitDemo.app/CLVisitDemo";
			};
			name = Release;
		};
/* End XCBuildConfiguration section */

/* Begin XCConfigurationList section */
		880160B41A9D3DCB00A1F190 /* Build configuration list for PBXProject "CLVisitDemo" */ = {
			isa = XCConfigurationList;
			buildConfigurations = (
				880160D61A9D3DCB00A1F190 /* Debug */,
				880160D71A9D3DCB00A1F190 /* Release */,
			);
			defaultConfigurationIsVisible = 0;
			defaultConfigurationName = Release;
		};
		880160D81A9D3DCB00A1F190 /* Build configuration list for PBXNativeTarget "CLVisitDemo" */ = {
			isa = XCConfigurationList;
			buildConfigurations = (
				880160D91A9D3DCB00A1F190 /* Debug */,
				880160DA1A9D3DCB00A1F190 /* Release */,
			);
			defaultConfigurationIsVisible = 0;
			defaultConfigurationName = Release;
		};
		880160DB1A9D3DCB00A1F190 /* Build configuration list for PBXNativeTarget "CLVisitDemoTests" */ = {
			isa = XCConfigurationList;
			buildConfigurations = (
				880160DC1A9D3DCB00A1F190 /* Debug */,
				880160DD1A9D3DCB00A1F190 /* Release */,
			);
			defaultConfigurationIsVisible = 0;
			defaultConfigurationName = Release;
		};
/* End XCConfigurationList section */
	};
	rootObject = 880160B11A9D3DCB00A1F190 /* Project object */;
}
